
Microsoft Visual Studio Solution File, Format Version 11.00
# Visual Studio 2010
Project("{E24C65DC-7377-472B-9ABA-BC803B73C61A}") = "watchs", ".", "{74F2323C-EB94-46FF-8A2A-0F667E20F5A0}"
	ProjectSection(WebsiteProperties) = preProject
		TargetFrameworkMoniker = ".NETFramework,Version%3Dv4.0"
		Debug.AspNetCompiler.VirtualPath = "/watchs"
		Debug.AspNetCompiler.PhysicalPath = "..\..\..\..\Desktop\watchs\"
		Debug.AspNetCompiler.TargetPath = "PrecompiledWeb\watchs\"
		Debug.AspNetCompiler.Updateable = "true"
		Debug.AspNetCompiler.ForceOverwrite = "true"
		Debug.AspNetCompiler.FixedNames = "false"
		Debug.AspNetCompiler.Debug = "True"
		Release.AspNetCompiler.VirtualPath = "/watchs"
		Release.AspNetCompiler.PhysicalPath = "..\..\..\..\Desktop\watchs\"
		Release.AspNetCompiler.TargetPath = "PrecompiledWeb\watchs\"
		Release.AspNetCompiler.Updateable = "true"
		Release.AspNetCompiler.ForceOverwrite = "true"
		Release.AspNetCompiler.FixedNames = "false"
		Release.AspNetCompiler.Debug = "False"
		VWDPort = "37575"
	EndProjectSection
EndProject
Global
	GlobalSection(SolutionConfigurationPlatforms) = preSolution
		Debug|Any CPU = Debug|Any CPU
	EndGlobalSection
	GlobalSection(ProjectConfigurationPlatforms) = postSolution
		{74F2323C-EB94-46FF-8A2A-0F667E20F5A0}.Debug|Any CPU.ActiveCfg = Debug|Any CPU
		{74F2323C-EB94-46FF-8A2A-0F667E20F5A0}.Debug|Any CPU.Build.0 = Debug|Any CPU
	EndGlobalSection
	GlobalSection(SolutionProperties) = preSolution
		HideSolutionNode = FALSE
	EndGlobalSection
EndGlobal
